
Microsoft Visual Studio Solution File, Format Version 12.00
# Visual Studio Version 17
VisualStudioVersion = 17.11.35431.28
MinimumVisualStudioVersion = 10.0.40219.1
Project("{9A19103F-16F7-4668-BE54-9A1E7A4F7556}") = "Aemulus XR Reporting App", "Aemulus XR Reporting App.csproj", "{614C483A-EE56-4F8F-96FA-07BBE460DB56}"
EndProject
Global
	GlobalSection(SolutionConfigurationPlatforms) = preSolution
		Debug|Any CPU = Debug|Any CPU
		Release|Any CPU = Release|Any CPU
	EndGlobalSection
	GlobalSection(ProjectConfigurationPlatforms) = postSolution
		{614C483A-EE56-4F8F-96FA-07BBE460DB56}.Debug|Any CPU.ActiveCfg = Debug|Any CPU
		{614C483A-EE56-4F8F-96FA-07BBE460DB56}.Debug|Any CPU.Build.0 = Debug|Any CPU
		{614C483A-EE56-4F8F-96FA-07BBE460DB56}.Release|Any CPU.ActiveCfg = Release|Any CPU
		{614C483A-EE56-4F8F-96FA-07BBE460DB56}.Release|Any CPU.Build.0 = Release|Any CPU
	EndGlobalSection
	GlobalSection(SolutionProperties) = preSolution
		HideSolutionNode = FALSE
	EndGlobalSection
	GlobalSection(ExtensibilityGlobals) = postSolution
		SolutionGuid = {29F4E3BA-906D-4489-A387-49A5474E37F7}
	EndGlobalSection
EndGlobal
